// !$*UTF8*$!
{
	archiveVersion = 1;
	classes = {
	};
	objectVersion = 48;
	objects = {

/* Begin PBXBuildFile section */
		6D26371120B29B6700E31A2A /* AppDelegate.swift in Sources */ = {isa = PBXBuildFile; fileRef = 6D26371020B29B6700E31A2A /* AppDelegate.swift */; };
		6D26371320B29B6700E31A2A /* ViewController.swift in Sources */ = {isa = PBXBuildFile; fileRef = 6D26371220B29B6700E31A2A /* ViewController.swift */; };
		6D26371620B29B6700E31A2A /* Main.storyboard in Resources */ = {isa = PBXBuildFile; fileRef = 6D26371420B29B6700E31A2A /* Main.storyboard */; };
		6D26371920B29B6700E31A2A /* Lec9.xcdatamodeld in Sources */ = {isa = PBXBuildFile; fileRef = 6D26371720B29B6700E31A2A /* Lec9.xcdatamodeld */; };
		6D26371B20B29B6700E31A2A /* Assets.xcassets in Resources */ = {isa = PBXBuildFile; fileRef = 6D26371A20B29B6700E31A2A /* Assets.xcassets */; };
		6D26371E20B29B6700E31A2A /* LaunchScreen.storyboard in Resources */ = {isa = PBXBuildFile; fileRef = 6D26371C20B29B6700E31A2A /* LaunchScreen.storyboard */; };
		6D26372620B29CD100E31A2A /* sound.wav in Resources */ = {isa = PBXBuildFile; fileRef = 6D26372520B29CD100E31A2A /* sound.wav */; };
/* End PBXBuildFile section */

/* Begin PBXFileReference section */
		6D26370D20B29B6700E31A2A /* Lec9.app */ = {isa = PBXFileReference; explicitFileType = wrapper.application; includeInIndex = 0; path = Lec9.app; sourceTree = BUILT_PRODUCTS_DIR; };
		6D26371020B29B6700E31A2A /* AppDelegate.swift */ = {isa = PBXFileReference; lastKnownFileType = sourcecode.swift; path = AppDelegate.swift; sourceTree = "<group>"; };
		6D26371220B29B6700E31A2A /* ViewController.swift */ = {isa = PBXFileReference; lastKnownFileType = sourcecode.swift; path = ViewController.swift; sourceTree = "<group>"; };
		6D26371520B29B6700E31A2A /* Base */ = {isa = PBXFileReference; lastKnownFileType = file.storyboard; name = Base; path = Base.lproj/Main.storyboard; sourceTree = "<group>"; };
		6D26371820B29B6700E31A2A /* Lec9.xcdatamodel */ = {isa = PBXFileReference; lastKnownFileType = wrapper.xcdatamodel; path = Lec9.xcdatamodel; sourceTree = "<group>"; };
		6D26371A20B29B6700E31A2A /* Assets.xcassets */ = {isa = PBXFileReference; lastKnownFileType = folder.assetcatalog; path = Assets.xcassets; sourceTree = "<group>"; };
		6D26371D20B29B6700E31A2A /* Base */ = {isa = PBXFileReference; lastKnownFileType = file.storyboard; name = Base; path = Base.lproj/LaunchScreen.storyboard; sourceTree = "<group>"; };
		6D26371F20B29B6700E31A2A /* Info.plist */ = {isa = PBXFileReference; lastKnownFileType = text.plist.xml; path = Info.plist; sourceTree = "<group>"; };
		6D26372520B29CD100E31A2A /* sound.wav */ = {isa = PBXFileReference; lastKnownFileType = audio.wav; path = sound.wav; sourceTree = "<group>"; };
/* End PBXFileReference section */

/* Begin PBXFrameworksBuildPhase section */
		6D26370A20B29B6700E31A2A /* Frameworks */ = {
			isa = PBXFrameworksBuildPhase;
			buildActionMask = 2147483647;
			files = (
			);
			runOnlyForDeploymentPostprocessing = 0;
		};
/* End PBXFrameworksBuildPhase section */

/* Begin PBXGroup section */
		6D26370420B29B6700E31A2A = {
			isa = PBXGroup;
			children = (
				6D26370F20B29B6700E31A2A /* Lec9 */,
				6D26370E20B29B6700E31A2A /* Products */,
			);
			sourceTree = "<group>";
		};
		6D26370E20B29B6700E31A2A /* Products */ = {
			isa = PBXGroup;
			children = (
				6D26370D20B29B6700E31A2A /* Lec9.app */,
			);
			name = Products;
			sourceTree = "<group>";
		};
		6D26370F20B29B6700E31A2A /* Lec9 */ = {
			isa = PBXGroup;
			children = (
				6D26372520B29CD100E31A2A /* sound.wav */,
				6D26371020B29B6700E31A2A /* AppDelegate.swift */,
				6D26371220B29B6700E31A2A /* ViewController.swift */,
				6D26371420B29B6700E31A2A /* Main.storyboard */,
				6D26371A20B29B6700E31A2A /* Assets.xcassets */,
				6D26371C20B29B6700E31A2A /* LaunchScreen.storyboard */,
				6D26371F20B29B6700E31A2A /* Info.plist */,
				6D26371720B29B6700E31A2A /* Lec9.xcdatamodeld */,
			);
			path = Lec9;
			sourceTree = "<group>";
		};
/* End PBXGroup section */

/* Begin PBXNativeTarget section */
		6D26370C20B29B6700E31A2A /* Lec9 */ = {
			isa = PBXNativeTarget;
			buildConfigurationList = 6D26372220B29B6700E31A2A /* Build configuration list for PBXNativeTarget "Lec9" */;
			buildPhases = (
				6D26370920B29B6700E31A2A /* Sources */,
				6D26370A20B29B6700E31A2A /* Frameworks */,
				6D26370B20B29B6700E31A2A /* Resources */,
			);
			buildRules = (
			);
			dependencies = (
			);
			name = Lec9;
			productName = Lec9;
			productReference = 6D26370D20B29B6700E31A2A /* Lec9.app */;
			productType = "com.apple.product-type.application";
		};
/* End PBXNativeTarget section */

/* Begin PBXProject section */
		6D26370520B29B6700E31A2A /* Project object */ = {
			isa = PBXProject;
			attributes = {
				LastSwiftUpdateCheck = 0900;
				LastUpgradeCheck = 0900;
				ORGANIZATIONNAME = student.roey.honig;
				TargetAttributes = {
					6D26370C20B29B6700E31A2A = {
						CreatedOnToolsVersion = 9.0.1;
						ProvisioningStyle = Automatic;
					};
				};
			};
			buildConfigurationList = 6D26370820B29B6700E31A2A /* Build configuration list for PBXProject "Lec9" */;
			compatibilityVersion = "Xcode 8.0";
			developmentRegion = en;
			hasScannedForEncodings = 0;
			knownRegions = (
				en,
				Base,
			);
			mainGroup = 6D26370420B29B6700E31A2A;
			productRefGroup = 6D26370E20B29B6700E31A2A /* Products */;
			projectDirPath = "";
			projectRoot = "";
			targets = (
				6D26370C20B29B6700E31A2A /* Lec9 */,
			);
		};
/* End PBXProject section */

/* Begin PBXResourcesBuildPhase section */
		6D26370B20B29B6700E31A2A /* Resources */ = {
			isa = PBXResourcesBuildPhase;
			buildActionMask = 2147483647;
			files = (
				6D26371E20B29B6700E31A2A /* LaunchScreen.storyboard in Resources */,
				6D26371B20B29B6700E31A2A /* Assets.xcassets in Resources */,
				6D26372620B29CD100E31A2A /* sound.wav in Resources */,
				6D26371620B29B6700E31A2A /* Main.storyboard in Resources */,
			);
			runOnlyForDeploymentPostprocessing = 0;
		};
/* End PBXResourcesBuildPhase section */

/* Begin PBXSourcesBuildPhase section */
		6D26370920B29B6700E31A2A /* Sources */ = {
			isa = PBXSourcesBuildPhase;
			buildActionMask = 2147483647;
			files = (
				6D26371320B29B6700E31A2A /* ViewController.swift in Sources */,
				6D26371120B29B6700E31A2A /* AppDelegate.swift in Sources */,
				6D26371920B29B6700E31A2A /* Lec9.xcdatamodeld in Sources */,
			);
			runOnlyForDeploymentPostprocessing = 0;
		};
/* End PBXSourcesBuildPhase section */

/* Begin PBXVariantGroup section */
		6D26371420B29B6700E31A2A /* Main.storyboard */ = {
			isa = PBXVariantGroup;
			children = (
				6D26371520B29B6700E31A2A /* Base */,
			);
			name = Main.storyboard;
			sourceTree = "<group>";
		};
		6D26371C20B29B6700E31A2A /* LaunchScreen.storyboard */ = {
			isa = PBXVariantGroup;
			children = (
				6D26371D20B29B6700E31A2A /* Base */,
			);
			name = LaunchScreen.storyboard;
			sourceTree = "<group>";
		};
/* End PBXVariantGroup section */

/* Begin XCBuildConfiguration section */
		6D26372020B29B6700E31A2A /* Debug */ = {
			isa = XCBuildConfiguration;
			buildSettings = {
				ALWAYS_SEARCH_USER_PATHS = NO;
				CLANG_ANALYZER_NONNULL = YES;
				CLANG_ANALYZER_NUMBER_OBJECT_CONVERSION = YES_AGGRESSIVE;
				CLANG_CXX_LANGUAGE_STANDARD = "gnu++14";
				CLANG_CXX_LIBRARY = "libc++";
				CLANG_ENABLE_MODULES = YES;
				CLANG_ENABLE_OBJC_ARC = YES;
				CLANG_WARN_BLOCK_CAPTURE_AUTORELEASING = YES;
				CLANG_WARN_BOOL_CONVERSION = YES;
				CLANG_WARN_COMMA = YES;
				CLANG_WARN_CONSTANT_CONVERSION = YES;
				CLANG_WARN_DIRECT_OBJC_ISA_USAGE = YES_ERROR;
				CLANG_WARN_DOCUMENTATION_COMMENTS = YES;
				CLANG_WARN_EMPTY_BODY = YES;
				CLANG_WARN_ENUM_CONVERSION = YES;
				CLANG_WARN_INFINITE_RECURSION = YES;
				CLANG_WARN_INT_CONVERSION = YES;
				CLANG_WARN_NON_LITERAL_NULL_CONVERSION = YES;
				CLANG_WARN_OBJC_LITERAL_CONVERSION = YES;
				CLANG_WARN_OBJC_ROOT_CLASS = YES_ERROR;
				CLANG_WARN_RANGE_LOOP_ANALYSIS = YES;
				CLANG_WARN_STRICT_PROTOTYPES = YES;
				CLANG_WARN_SUSPICIOUS_MOVE = YES;
				CLANG_WARN_UNGUARDED_AVAILABILITY = YES_AGGRESSIVE;
				CLANG_WARN_UNREACHABLE_CODE = YES;
				CLANG_WARN__DUPLICATE_METHOD_MATCH = YES;
				CODE_SIGN_IDENTITY = "iPhone Developer";
				COPY_PHASE_STRIP = NO;
				DEBUG_INFORMATION_FORMAT = dwarf;
				ENABLE_STRICT_OBJC_MSGSEND = YES;
				ENABLE_TESTABILITY = YES;
				GCC_C_LANGUAGE_STANDARD = gnu11;
				GCC_DYNAMIC_NO_PIC = NO;
				GCC_NO_COMMON_BLOCKS = YES;
				GCC_OPTIMIZATION_LEVEL = 0;
				GCC_PREPROCESSOR_DEFINITIONS = (
					"DEBUG=1",
					"$(inherited)",
				);
				GCC_WARN_64_TO_32_BIT_CONVERSION = YES;
				GCC_WARN_ABOUT_RETURN_TYPE = YES_ERROR;
				GCC_WARN_UNDECLARED_SELECTOR = YES;
				GCC_WARN_UNINITIALIZED_AUTOS = YES_AGGRESSIVE;
				GCC_WARN_UNUSED_FUNCTION = YES;
				GCC_WARN_UNUSED_VARIABLE = YES;
				IPHONEOS_DEPLOYMENT_TARGET = 11.0;
				MTL_ENABLE_DEBUG_INFO = YES;
				ONLY_ACTIVE_ARCH = YES;
				SDKROOT = iphoneos;
				SWIFT_ACTIVE_COMPILATION_CONDITIONS = DEBUG;
				SWIFT_OPTIMIZATION_LEVEL = "-Onone";
			};
			name = Debug;
		};
		6D26372120B29B6700E31A2A /* Release */ = {
			isa = XCBuildConfiguration;
			buildSettings = {
				ALWAYS_SEARCH_USER_PATHS = NO;
				CLANG_ANALYZER_NONNULL = YES;
				CLANG_ANALYZER_NUMBER_OBJECT_CONVERSION = YES_AGGRESSIVE;
				CLANG_CXX_LANGUAGE_STANDARD = "gnu++14";
				CLANG_CXX_LIBRARY = "libc++";
				CLANG_ENABLE_MODULES = YES;
				CLANG_ENABLE_OBJC_ARC = YES;
				CLANG_WARN_BLOCK_CAPTURE_AUTORELEASING = YES;
				CLANG_WARN_BOOL_CONVERSION = YES;
				CLANG_WARN_COMMA = YES;
				CLANG_WARN_CONSTANT_CONVERSION = YES;
				CLANG_WARN_DIRECT_OBJC_ISA_USAGE = YES_ERROR;
				CLANG_WARN_DOCUMENTATION_COMMENTS = YES;
				CLANG_WARN_EMPTY_BODY = YES;
				CLANG_WARN_ENUM_CONVERSION = YES;
				CLANG_WARN_INFINITE_RECURSION = YES;
				CLANG_WARN_INT_CONVERSION = YES;
				CLANG_WARN_NON_LITERAL_NULL_CONVERSION = YES;
				CLANG_WARN_OBJC_LITERAL_CONVERSION = YES;
				CLANG_WARN_OBJC_ROOT_CLASS = YES_ERROR;
				CLANG_WARN_RANGE_LOOP_ANALYSIS = YES;
				CLANG_WARN_STRICT_PROTOTYPES = YES;
				CLANG_WARN_SUSPICIOUS_MOVE = YES;
				CLANG_WARN_UNGUARDED_AVAILABILITY = YES_AGGRESSIVE;
				CLANG_WARN_UNREACHABLE_CODE = YES;
				CLANG_WARN__DUPLICATE_METHOD_MATCH = YES;
				CODE_SIGN_IDENTITY = "iPhone Developer";
				COPY_PHASE_STRIP = NO;
				DEBUG_INFORMATION_FORMAT = "dwarf-with-dsym";
				ENABLE_NS_ASSERTIONS = NO;
				ENABLE_STRICT_OBJC_MSGSEND = YES;
				GCC_C_LANGUAGE_STANDARD = gnu11;
				GCC_NO_COMMON_BLOCKS = YES;
				GCC_WARN_64_TO_32_BIT_CONVERSION = YES;
				GCC_WARN_ABOUT_RETURN_TYPE = YES_ERROR;
				GCC_WARN_UNDECLARED_SELECTOR = YES;
				GCC_WARN_UNINITIALIZED_AUTOS = YES_AGGRESSIVE;
				GCC_WARN_UNUSED_FUNCTION = YES;
				GCC_WARN_UNUSED_VARIABLE = YES;
				IPHONEOS_DEPLOYMENT_TARGET = 11.0;
				MTL_ENABLE_DEBUG_INFO = NO;
				SDKROOT = iphoneos;
				SWIFT_OPTIMIZATION_LEVEL = "-Owholemodule";
				VALIDATE_PRODUCT = YES;
			};
			name = Release;
		};
		6D26372320B29B6700E31A2A /* Debug */ = {
			isa = XCBuildConfiguration;
			buildSettings = {
				ASSETCATALOG_COMPILER_APPICON_NAME = AppIcon;
				CODE_SIGN_STYLE = Automatic;
				DEVELOPMENT_TEAM = GA3LC47ZM3;
				INFOPLIST_FILE = Lec9/Info.plist;
				IPHONEOS_DEPLOYMENT_TARGET = 10.0;
				LD_RUNPATH_SEARCH_PATHS = "$(inherited) @executable_path/Frameworks";
				PRODUCT_BUNDLE_IDENTIFIER = student.roey.honig.Lec9;
				PRODUCT_NAME = "$(TARGET_NAME)";
				SWIFT_VERSION = 4.0;
				TARGETED_DEVICE_FAMILY = "1,2";
			};
			name = Debug;
		};
		6D26372420B29B6700E31A2A /* Release */ = {
			isa = XCBuildConfiguration;
			buildSettings = {
				ASSETCATALOG_COMPILER_APPICON_NAME = AppIcon;
				CODE_SIGN_STYLE = Automatic;
				DEVELOPMENT_TEAM = GA3LC47ZM3;
				INFOPLIST_FILE = Lec9/Info.plist;
				IPHONEOS_DEPLOYMENT_TARGET = 10.0;
				LD_RUNPATH_SEARCH_PATHS = "$(inherited) @executable_path/Frameworks";
				PRODUCT_BUNDLE_IDENTIFIER = student.roey.honig.Lec9;
				PRODUCT_NAME = "$(TARGET_NAME)";
				SWIFT_VERSION = 4.0;
				TARGETED_DEVICE_FAMILY = "1,2";
			};
			name = Release;
		};
/* End XCBuildConfiguration section */

/* Begin XCConfigurationList section */
		6D26370820B29B6700E31A2A /* Build configuration list for PBXProject "Lec9" */ = {
			isa = XCConfigurationList;
			buildConfigurations = (
				6D26372020B29B6700E31A2A /* Debug */,
				6D26372120B29B6700E31A2A /* Release */,
			);
			defaultConfigurationIsVisible = 0;
			defaultConfigurationName = Release;
		};
		6D26372220B29B6700E31A2A /* Build configuration list for PBXNativeTarget "Lec9" */ = {
			isa = XCConfigurationList;
			buildConfigurations = (
				6D26372320B29B6700E31A2A /* Debug */,
				6D26372420B29B6700E31A2A /* Release */,
			);
			defaultConfigurationIsVisible = 0;
			defaultConfigurationName = Release;
		};
/* End XCConfigurationList section */

/* Begin XCVersionGroup section */
		6D26371720B29B6700E31A2A /* Lec9.xcdatamodeld */ = {
			isa = XCVersionGroup;
			children = (
				6D26371820B29B6700E31A2A /* Lec9.xcdatamodel */,
			);
			currentVersion = 6D26371820B29B6700E31A2A /* Lec9.xcdatamodel */;
			path = Lec9.xcdatamodeld;
			sourceTree = "<group>";
			versionGroupType = wrapper.xcdatamodel;
		};
/* End XCVersionGroup section */
	};
	rootObject = 6D26370520B29B6700E31A2A /* Project object */;
}
